
Microsoft Visual Studio Solution File, Format Version 12.00
# Visual Studio Version 16
VisualStudioVersion = 16.0.30907.101
MinimumVisualStudioVersion = 10.0.40219.1
Project("{9A19103F-16F7-4668-BE54-9A1E7A4F7556}") = "May09", "May09\May09.csproj", "{726BDAB6-D09D-4756-B86A-50E83216FA33}"
EndProject
Project("{9A19103F-16F7-4668-BE54-9A1E7A4F7556}") = "May09_02", "May09_02\May09_02.csproj", "{F028BDCA-D5EB-4549-BB90-A9DD211D2153}"
EndProject
Project("{9A19103F-16F7-4668-BE54-9A1E7A4F7556}") = "May09_15", "May09_15\May09_15.csproj", "{543534A7-2FEE-4299-8905-B378B74A7B01}"
EndProject
Project("{9A19103F-16F7-4668-BE54-9A1E7A4F7556}") = "May09_16", "May09_16\May09_16.csproj", "{0274AAB6-E7D4-4600-B090-88A8718C4EBD}"
EndProject
Project("{9A19103F-16F7-4668-BE54-9A1E7A4F7556}") = "May09_17", "May09_17\May09_17.csproj", "{442B306D-4685-47A6-A6AB-BE82D101E44C}"
EndProject
Project("{9A19103F-16F7-4668-BE54-9A1E7A4F7556}") = "May09_18", "May09_18\May09_18.csproj", "{D1DEEAA2-1F80-488A-B005-CEACB4DCB6AD}"
EndProject
Project("{9A19103F-16F7-4668-BE54-9A1E7A4F7556}") = "May09_19", "May09_19\May09_19.csproj", "{A827054C-28C0-4281-B0D3-0B54AA80C2EB}"
EndProject
Project("{9A19103F-16F7-4668-BE54-9A1E7A4F7556}") = "May09_20", "May09_20\May09_20.csproj", "{4B32ACFE-3CA7-4CD1-B024-C5669749FEC4}"
EndProject
Project("{FAE04EC0-301F-11D3-BF4B-00C04F79EFBC}") = "new", "new\new.csproj", "{56D1DABB-BFCF-476E-99D2-86056F2D2599}"
EndProject
Global
	GlobalSection(SolutionConfigurationPlatforms) = preSolution
		Debug|Any CPU = Debug|Any CPU
		Release|Any CPU = Release|Any CPU
	EndGlobalSection
	GlobalSection(ProjectConfigurationPlatforms) = postSolution
		{726BDAB6-D09D-4756-B86A-50E83216FA33}.Debug|Any CPU.ActiveCfg = Debug|Any CPU
		{726BDAB6-D09D-4756-B86A-50E83216FA33}.Debug|Any CPU.Build.0 = Debug|Any CPU
		{726BDAB6-D09D-4756-B86A-50E83216FA33}.Release|Any CPU.ActiveCfg = Release|Any CPU
		{726BDAB6-D09D-4756-B86A-50E83216FA33}.Release|Any CPU.Build.0 = Release|Any CPU
		{F028BDCA-D5EB-4549-BB90-A9DD211D2153}.Debug|Any CPU.ActiveCfg = Debug|Any CPU
		{F028BDCA-D5EB-4549-BB90-A9DD211D2153}.Debug|Any CPU.Build.0 = Debug|Any CPU
		{F028BDCA-D5EB-4549-BB90-A9DD211D2153}.Release|Any CPU.ActiveCfg = Release|Any CPU
		{F028BDCA-D5EB-4549-BB90-A9DD211D2153}.Release|Any CPU.Build.0 = Release|Any CPU
		{543534A7-2FEE-4299-8905-B378B74A7B01}.Debug|Any CPU.ActiveCfg = Debug|Any CPU
		{543534A7-2FEE-4299-8905-B378B74A7B01}.Debug|Any CPU.Build.0 = Debug|Any CPU
		{543534A7-2FEE-4299-8905-B378B74A7B01}.Release|Any CPU.ActiveCfg = Release|Any CPU
		{543534A7-2FEE-4299-8905-B378B74A7B01}.Release|Any CPU.Build.0 = Release|Any CPU
		{0274AAB6-E7D4-4600-B090-88A8718C4EBD}.Debug|Any CPU.ActiveCfg = Debug|Any CPU
		{0274AAB6-E7D4-4600-B090-88A8718C4EBD}.Debug|Any CPU.Build.0 = Debug|Any CPU
		{0274AAB6-E7D4-4600-B090-88A8718C4EBD}.Release|Any CPU.ActiveCfg = Release|Any CPU
		{0274AAB6-E7D4-4600-B090-88A8718C4EBD}.Release|Any CPU.Build.0 = Release|Any CPU
		{442B306D-4685-47A6-A6AB-BE82D101E44C}.Debug|Any CPU.ActiveCfg = Debug|Any CPU
		{442B306D-4685-47A6-A6AB-BE82D101E44C}.Debug|Any CPU.Build.0 = Debug|Any CPU
		{442B306D-4685-47A6-A6AB-BE82D101E44C}.Release|Any CPU.ActiveCfg = Release|Any CPU
		{442B306D-4685-47A6-A6AB-BE82D101E44C}.Release|Any CPU.Build.0 = Release|Any CPU
		{D1DEEAA2-1F80-488A-B005-CEACB4DCB6AD}.Debug|Any CPU.ActiveCfg = Debug|Any CPU
		{D1DEEAA2-1F80-488A-B005-CEACB4DCB6AD}.Debug|Any CPU.Build.0 = Debug|Any CPU
		{D1DEEAA2-1F80-488A-B005-CEACB4DCB6AD}.Release|Any CPU.ActiveCfg = Release|Any CPU
		{D1DEEAA2-1F80-488A-B005-CEACB4DCB6AD}.Release|Any CPU.Build.0 = Release|Any CPU
		{A827054C-28C0-4281-B0D3-0B54AA80C2EB}.Debug|Any CPU.ActiveCfg = Debug|Any CPU
		{A827054C-28C0-4281-B0D3-0B54AA80C2EB}.Debug|Any CPU.Build.0 = Debug|Any CPU
		{A827054C-28C0-4281-B0D3-0B54AA80C2EB}.Release|Any CPU.ActiveCfg = Release|Any CPU
		{A827054C-28C0-4281-B0D3-0B54AA80C2EB}.Release|Any CPU.Build.0 = Release|Any CPU
		{4B32ACFE-3CA7-4CD1-B024-C5669749FEC4}.Debug|Any CPU.ActiveCfg = Debug|Any CPU
		{4B32ACFE-3CA7-4CD1-B024-C5669749FEC4}.Debug|Any CPU.Build.0 = Debug|Any CPU
		{4B32ACFE-3CA7-4CD1-B024-C5669749FEC4}.Release|Any CPU.ActiveCfg = Release|Any CPU
		{4B32ACFE-3CA7-4CD1-B024-C5669749FEC4}.Release|Any CPU.Build.0 = Release|Any CPU
		{56D1DABB-BFCF-476E-99D2-86056F2D2599}.Debug|Any CPU.ActiveCfg = Debug|Any CPU
		{56D1DABB-BFCF-476E-99D2-86056F2D2599}.Debug|Any CPU.Build.0 = Debug|Any CPU
		{56D1DABB-BFCF-476E-99D2-86056F2D2599}.Release|Any CPU.ActiveCfg = Release|Any CPU
		{56D1DABB-BFCF-476E-99D2-86056F2D2599}.Release|Any CPU.Build.0 = Release|Any CPU
	EndGlobalSection
	GlobalSection(SolutionProperties) = preSolution
		HideSolutionNode = FALSE
	EndGlobalSection
	GlobalSection(ExtensibilityGlobals) = postSolution
		SolutionGuid = {59E8E5C2-CD0D-472E-AE3C-5E7792C3E145}
	EndGlobalSection
EndGlobal
