
Microsoft Visual Studio Solution File, Format Version 12.00
# Visual Studio Version 16
VisualStudioVersion = 16.0.30907.101
MinimumVisualStudioVersion = 10.0.40219.1
Project("{FAE04EC0-301F-11D3-BF4B-00C04F79EFBC}") = "May09", "May09\May09.csproj", "{726BDAB6-D09D-4756-B86A-50E83216FA33}"
EndProject
Project("{FAE04EC0-301F-11D3-BF4B-00C04F79EFBC}") = "May09_02", "May09_02\May09_02.csproj", "{F028BDCA-D5EB-4549-BB90-A9DD211D2153}"
EndProject
Project("{FAE04EC0-301F-11D3-BF4B-00C04F79EFBC}") = "May09_15", "May09_15\May09_15.csproj", "{543534A7-2FEE-4299-8905-B378B74A7B01}"
EndProject
Global
	GlobalSection(SolutionConfigurationPlatforms) = preSolution
		Debug|Any CPU = Debug|Any CPU
		Release|Any CPU = Release|Any CPU
	EndGlobalSection
	GlobalSection(ProjectConfigurationPlatforms) = postSolution
		{726BDAB6-D09D-4756-B86A-50E83216FA33}.Debug|Any CPU.ActiveCfg = Debug|Any CPU
		{726BDAB6-D09D-4756-B86A-50E83216FA33}.Debug|Any CPU.Build.0 = Debug|Any CPU
		{726BDAB6-D09D-4756-B86A-50E83216FA33}.Release|Any CPU.ActiveCfg = Release|Any CPU
		{726BDAB6-D09D-4756-B86A-50E83216FA33}.Release|Any CPU.Build.0 = Release|Any CPU
		{F028BDCA-D5EB-4549-BB90-A9DD211D2153}.Debug|Any CPU.ActiveCfg = Debug|Any CPU
		{F028BDCA-D5EB-4549-BB90-A9DD211D2153}.Debug|Any CPU.Build.0 = Debug|Any CPU
		{F028BDCA-D5EB-4549-BB90-A9DD211D2153}.Release|Any CPU.ActiveCfg = Release|Any CPU
		{F028BDCA-D5EB-4549-BB90-A9DD211D2153}.Release|Any CPU.Build.0 = Release|Any CPU
		{543534A7-2FEE-4299-8905-B378B74A7B01}.Debug|Any CPU.ActiveCfg = Debug|Any CPU
		{543534A7-2FEE-4299-8905-B378B74A7B01}.Debug|Any CPU.Build.0 = Debug|Any CPU
		{543534A7-2FEE-4299-8905-B378B74A7B01}.Release|Any CPU.ActiveCfg = Release|Any CPU
		{543534A7-2FEE-4299-8905-B378B74A7B01}.Release|Any CPU.Build.0 = Release|Any CPU
	EndGlobalSection
	GlobalSection(SolutionProperties) = preSolution
		HideSolutionNode = FALSE
	EndGlobalSection
	GlobalSection(ExtensibilityGlobals) = postSolution
		SolutionGuid = {59E8E5C2-CD0D-472E-AE3C-5E7792C3E145}
	EndGlobalSection
EndGlobal
